
Microsoft Visual Studio Solution File, Format Version 12.00
# Visual Studio Version 16
VisualStudioVersion = 16.0.29411.108
MinimumVisualStudioVersion = 10.0.40219.1
Project("{FAE04EC0-301F-11D3-BF4B-00C04F79EFBC}") = "spaceApps", "spaceApps\spaceApps.csproj", "{B368ABED-367D-4992-B55C-9ECC82ABDFA8}"
EndProject
Global
	GlobalSection(SolutionConfigurationPlatforms) = preSolution
		Debug|Any CPU = Debug|Any CPU
		Release|Any CPU = Release|Any CPU
	EndGlobalSection
	GlobalSection(ProjectConfigurationPlatforms) = postSolution
		{B368ABED-367D-4992-B55C-9ECC82ABDFA8}.Debug|Any CPU.ActiveCfg = Debug|Any CPU
		{B368ABED-367D-4992-B55C-9ECC82ABDFA8}.Debug|Any CPU.Build.0 = Debug|Any CPU
		{B368ABED-367D-4992-B55C-9ECC82ABDFA8}.Release|Any CPU.ActiveCfg = Release|Any CPU
		{B368ABED-367D-4992-B55C-9ECC82ABDFA8}.Release|Any CPU.Build.0 = Release|Any CPU
	EndGlobalSection
	GlobalSection(SolutionProperties) = preSolution
		HideSolutionNode = FALSE
	EndGlobalSection
	GlobalSection(ExtensibilityGlobals) = postSolution
		SolutionGuid = {3B7B6152-704E-4754-957F-4FD720C60F74}
	EndGlobalSection
EndGlobal
